
Microsoft Visual Studio Solution File, Format Version 12.00
# Visual Studio Version 17
VisualStudioVersion = 17.0.31912.275
MinimumVisualStudioVersion = 10.0.40219.1
Project("{FAE04EC0-301F-11D3-BF4B-00C04F79EFBC}") = "NINA.Plugin.Web", "NINA.Plugin.Web\NINA.Plugin.Web.csproj", "{141704E0-505C-492C-9E74-3B85F1C05D12}"
EndProject
Project("{2150E333-8FDC-42A3-9474-1A3956D46DE8}") = "SolutionItems", "SolutionItems", "{3A7B69EE-60D7-414C-ABFF-B918973CFC75}"
	ProjectSection(SolutionItems) = preProject
		..\.gitignore = ..\.gitignore
		..\LICENSE.txt = ..\LICENSE.txt
		..\README.md = ..\README.md
	EndProjectSection
EndProject
Project("{9A19103F-16F7-4668-BE54-9A1E7A4F7556}") = "NINA.Plugin.Web.Test", "NINA.Plugin.Web.Test\NINA.Plugin.Web.Test.csproj", "{A7BB32AB-2CEA-461D-8BDA-8A661A949242}"
	ProjectSection(ProjectDependencies) = postProject
		{141704E0-505C-492C-9E74-3B85F1C05D12} = {141704E0-505C-492C-9E74-3B85F1C05D12}
	EndProjectSection
EndProject
Global
	GlobalSection(SolutionConfigurationPlatforms) = preSolution
		Debug|Any CPU = Debug|Any CPU
		Release|Any CPU = Release|Any CPU
	EndGlobalSection
	GlobalSection(ProjectConfigurationPlatforms) = postSolution
		{141704E0-505C-492C-9E74-3B85F1C05D12}.Debug|Any CPU.ActiveCfg = Debug|Any CPU
		{141704E0-505C-492C-9E74-3B85F1C05D12}.Debug|Any CPU.Build.0 = Debug|Any CPU
		{141704E0-505C-492C-9E74-3B85F1C05D12}.Release|Any CPU.ActiveCfg = Release|Any CPU
		{141704E0-505C-492C-9E74-3B85F1C05D12}.Release|Any CPU.Build.0 = Release|Any CPU
		{A7BB32AB-2CEA-461D-8BDA-8A661A949242}.Debug|Any CPU.ActiveCfg = Debug|Any CPU
		{A7BB32AB-2CEA-461D-8BDA-8A661A949242}.Debug|Any CPU.Build.0 = Debug|Any CPU
		{A7BB32AB-2CEA-461D-8BDA-8A661A949242}.Release|Any CPU.ActiveCfg = Release|Any CPU
		{A7BB32AB-2CEA-461D-8BDA-8A661A949242}.Release|Any CPU.Build.0 = Release|Any CPU
	EndGlobalSection
	GlobalSection(SolutionProperties) = preSolution
		HideSolutionNode = FALSE
	EndGlobalSection
	GlobalSection(ExtensibilityGlobals) = postSolution
		SolutionGuid = {B45CE89B-1961-4499-801A-BAE72ECF84C8}
	EndGlobalSection
EndGlobal
